// !$*UTF8*$!
{
	archiveVersion = 1;
	classes = {
	};
	objectVersion = 50;
	objects = {

/* Begin PBXBuildFile section */
		1862915623FA73DE001F1DB3 /* AppDelegate.swift in Sources */ = {isa = PBXBuildFile; fileRef = 1862915523FA73DE001F1DB3 /* AppDelegate.swift */; };
		1862915823FA73DE001F1DB3 /* SceneDelegate.swift in Sources */ = {isa = PBXBuildFile; fileRef = 1862915723FA73DE001F1DB3 /* SceneDelegate.swift */; };
		1862915A23FA73DE001F1DB3 /* ViewController.swift in Sources */ = {isa = PBXBuildFile; fileRef = 1862915923FA73DE001F1DB3 /* ViewController.swift */; };
		1862915D23FA73DE001F1DB3 /* Main.storyboard in Resources */ = {isa = PBXBuildFile; fileRef = 1862915B23FA73DE001F1DB3 /* Main.storyboard */; };
		1862915F23FA73E0001F1DB3 /* Assets.xcassets in Resources */ = {isa = PBXBuildFile; fileRef = 1862915E23FA73E0001F1DB3 /* Assets.xcassets */; };
		1862916223FA73E0001F1DB3 /* LaunchScreen.storyboard in Resources */ = {isa = PBXBuildFile; fileRef = 1862916023FA73E0001F1DB3 /* LaunchScreen.storyboard */; };
		1862916D23FA73E1001F1DB3 /* tableViewImageLableTests.swift in Sources */ = {isa = PBXBuildFile; fileRef = 1862916C23FA73E1001F1DB3 /* tableViewImageLableTests.swift */; };
		1862917823FA73E1001F1DB3 /* tableViewImageLableUITests.swift in Sources */ = {isa = PBXBuildFile; fileRef = 1862917723FA73E1001F1DB3 /* tableViewImageLableUITests.swift */; };
		1862918623FA80E8001F1DB3 /* TableViewCell.swift in Sources */ = {isa = PBXBuildFile; fileRef = 1862918523FA80E8001F1DB3 /* TableViewCell.swift */; };
/* End PBXBuildFile section */

/* Begin PBXContainerItemProxy section */
		1862916923FA73E1001F1DB3 /* PBXContainerItemProxy */ = {
			isa = PBXContainerItemProxy;
			containerPortal = 1862914A23FA73DE001F1DB3 /* Project object */;
			proxyType = 1;
			remoteGlobalIDString = 1862915123FA73DE001F1DB3;
			remoteInfo = tableViewImageLable;
		};
		1862917423FA73E1001F1DB3 /* PBXContainerItemProxy */ = {
			isa = PBXContainerItemProxy;
			containerPortal = 1862914A23FA73DE001F1DB3 /* Project object */;
			proxyType = 1;
			remoteGlobalIDString = 1862915123FA73DE001F1DB3;
			remoteInfo = tableViewImageLable;
		};
/* End PBXContainerItemProxy section */

/* Begin PBXFileReference section */
		1862915223FA73DE001F1DB3 /* tableViewImageLable.app */ = {isa = PBXFileReference; explicitFileType = wrapper.application; includeInIndex = 0; path = tableViewImageLable.app; sourceTree = BUILT_PRODUCTS_DIR; };
		1862915523FA73DE001F1DB3 /* AppDelegate.swift */ = {isa = PBXFileReference; lastKnownFileType = sourcecode.swift; path = AppDelegate.swift; sourceTree = "<group>"; };
		1862915723FA73DE001F1DB3 /* SceneDelegate.swift */ = {isa = PBXFileReference; lastKnownFileType = sourcecode.swift; path = SceneDelegate.swift; sourceTree = "<group>"; };
		1862915923FA73DE001F1DB3 /* ViewController.swift */ = {isa = PBXFileReference; lastKnownFileType = sourcecode.swift; path = ViewController.swift; sourceTree = "<group>"; };
		1862915C23FA73DE001F1DB3 /* Base */ = {isa = PBXFileReference; lastKnownFileType = file.storyboard; name = Base; path = Base.lproj/Main.storyboard; sourceTree = "<group>"; };
		1862915E23FA73E0001F1DB3 /* Assets.xcassets */ = {isa = PBXFileReference; lastKnownFileType = folder.assetcatalog; path = Assets.xcassets; sourceTree = "<group>"; };
		1862916123FA73E0001F1DB3 /* Base */ = {isa = PBXFileReference; lastKnownFileType = file.storyboard; name = Base; path = Base.lproj/LaunchScreen.storyboard; sourceTree = "<group>"; };
		1862916323FA73E0001F1DB3 /* Info.plist */ = {isa = PBXFileReference; lastKnownFileType = text.plist.xml; path = Info.plist; sourceTree = "<group>"; };
		1862916823FA73E1001F1DB3 /* tableViewImageLableTests.xctest */ = {isa = PBXFileReference; explicitFileType = wrapper.cfbundle; includeInIndex = 0; path = tableViewImageLableTests.xctest; sourceTree = BUILT_PRODUCTS_DIR; };
		1862916C23FA73E1001F1DB3 /* tableViewImageLableTests.swift */ = {isa = PBXFileReference; lastKnownFileType = sourcecode.swift; path = tableViewImageLableTests.swift; sourceTree = "<group>"; };
		1862916E23FA73E1001F1DB3 /* Info.plist */ = {isa = PBXFileReference; lastKnownFileType = text.plist.xml; path = Info.plist; sourceTree = "<group>"; };
		1862917323FA73E1001F1DB3 /* tableViewImageLableUITests.xctest */ = {isa = PBXFileReference; explicitFileType = wrapper.cfbundle; includeInIndex = 0; path = tableViewImageLableUITests.xctest; sourceTree = BUILT_PRODUCTS_DIR; };
		1862917723FA73E1001F1DB3 /* tableViewImageLableUITests.swift */ = {isa = PBXFileReference; lastKnownFileType = sourcecode.swift; path = tableViewImageLableUITests.swift; sourceTree = "<group>"; };
		1862917923FA73E1001F1DB3 /* Info.plist */ = {isa = PBXFileReference; lastKnownFileType = text.plist.xml; path = Info.plist; sourceTree = "<group>"; };
		1862918523FA80E8001F1DB3 /* TableViewCell.swift */ = {isa = PBXFileReference; lastKnownFileType = sourcecode.swift; path = TableViewCell.swift; sourceTree = "<group>"; };
/* End PBXFileReference section */

/* Begin PBXFrameworksBuildPhase section */
		1862914F23FA73DE001F1DB3 /* Frameworks */ = {
			isa = PBXFrameworksBuildPhase;
			buildActionMask = 2147483647;
			files = (
			);
			runOnlyForDeploymentPostprocessing = 0;
		};
		1862916523FA73E1001F1DB3 /* Frameworks */ = {
			isa = PBXFrameworksBuildPhase;
			buildActionMask = 2147483647;
			files = (
			);
			runOnlyForDeploymentPostprocessing = 0;
		};
		1862917023FA73E1001F1DB3 /* Frameworks */ = {
			isa = PBXFrameworksBuildPhase;
			buildActionMask = 2147483647;
			files = (
			);
			runOnlyForDeploymentPostprocessing = 0;
		};
/* End PBXFrameworksBuildPhase section */

/* Begin PBXGroup section */
		1862914923FA73DE001F1DB3 = {
			isa = PBXGroup;
			children = (
				1862915423FA73DE001F1DB3 /* tableViewImageLable */,
				1862916B23FA73E1001F1DB3 /* tableViewImageLableTests */,
				1862917623FA73E1001F1DB3 /* tableViewImageLableUITests */,
				1862915323FA73DE001F1DB3 /* Products */,
			);
			sourceTree = "<group>";
		};
		1862915323FA73DE001F1DB3 /* Products */ = {
			isa = PBXGroup;
			children = (
				1862915223FA73DE001F1DB3 /* tableViewImageLable.app */,
				1862916823FA73E1001F1DB3 /* tableViewImageLableTests.xctest */,
				1862917323FA73E1001F1DB3 /* tableViewImageLableUITests.xctest */,
			);
			name = Products;
			sourceTree = "<group>";
		};
		1862915423FA73DE001F1DB3 /* tableViewImageLable */ = {
			isa = PBXGroup;
			children = (
				1862915523FA73DE001F1DB3 /* AppDelegate.swift */,
				1862915723FA73DE001F1DB3 /* SceneDelegate.swift */,
				1862915923FA73DE001F1DB3 /* ViewController.swift */,
				1862915B23FA73DE001F1DB3 /* Main.storyboard */,
				1862918523FA80E8001F1DB3 /* TableViewCell.swift */,
				1862915E23FA73E0001F1DB3 /* Assets.xcassets */,
				1862916023FA73E0001F1DB3 /* LaunchScreen.storyboard */,
				1862916323FA73E0001F1DB3 /* Info.plist */,
			);
			path = tableViewImageLable;
			sourceTree = "<group>";
		};
		1862916B23FA73E1001F1DB3 /* tableViewImageLableTests */ = {
			isa = PBXGroup;
			children = (
				1862916C23FA73E1001F1DB3 /* tableViewImageLableTests.swift */,
				1862916E23FA73E1001F1DB3 /* Info.plist */,
			);
			path = tableViewImageLableTests;
			sourceTree = "<group>";
		};
		1862917623FA73E1001F1DB3 /* tableViewImageLableUITests */ = {
			isa = PBXGroup;
			children = (
				1862917723FA73E1001F1DB3 /* tableViewImageLableUITests.swift */,
				1862917923FA73E1001F1DB3 /* Info.plist */,
			);
			path = tableViewImageLableUITests;
			sourceTree = "<group>";
		};
/* End PBXGroup section */

/* Begin PBXNativeTarget section */
		1862915123FA73DE001F1DB3 /* tableViewImageLable */ = {
			isa = PBXNativeTarget;
			buildConfigurationList = 1862917C23FA73E1001F1DB3 /* Build configuration list for PBXNativeTarget "tableViewImageLable" */;
			buildPhases = (
				1862914E23FA73DE001F1DB3 /* Sources */,
				1862914F23FA73DE001F1DB3 /* Frameworks */,
				1862915023FA73DE001F1DB3 /* Resources */,
			);
			buildRules = (
			);
			dependencies = (
			);
			name = tableViewImageLable;
			productName = tableViewImageLable;
			productReference = 1862915223FA73DE001F1DB3 /* tableViewImageLable.app */;
			productType = "com.apple.product-type.application";
		};
		1862916723FA73E1001F1DB3 /* tableViewImageLableTests */ = {
			isa = PBXNativeTarget;
			buildConfigurationList = 1862917F23FA73E1001F1DB3 /* Build configuration list for PBXNativeTarget "tableViewImageLableTests" */;
			buildPhases = (
				1862916423FA73E1001F1DB3 /* Sources */,
				1862916523FA73E1001F1DB3 /* Frameworks */,
				1862916623FA73E1001F1DB3 /* Resources */,
			);
			buildRules = (
			);
			dependencies = (
				1862916A23FA73E1001F1DB3 /* PBXTargetDependency */,
			);
			name = tableViewImageLableTests;
			productName = tableViewImageLableTests;
			productReference = 1862916823FA73E1001F1DB3 /* tableViewImageLableTests.xctest */;
			productType = "com.apple.product-type.bundle.unit-test";
		};
		1862917223FA73E1001F1DB3 /* tableViewImageLableUITests */ = {
			isa = PBXNativeTarget;
			buildConfigurationList = 1862918223FA73E1001F1DB3 /* Build configuration list for PBXNativeTarget "tableViewImageLableUITests" */;
			buildPhases = (
				1862916F23FA73E1001F1DB3 /* Sources */,
				1862917023FA73E1001F1DB3 /* Frameworks */,
				1862917123FA73E1001F1DB3 /* Resources */,
			);
			buildRules = (
			);
			dependencies = (
				1862917523FA73E1001F1DB3 /* PBXTargetDependency */,
			);
			name = tableViewImageLableUITests;
			productName = tableViewImageLableUITests;
			productReference = 1862917323FA73E1001F1DB3 /* tableViewImageLableUITests.xctest */;
			productType = "com.apple.product-type.bundle.ui-testing";
		};
/* End PBXNativeTarget section */

/* Begin PBXProject section */
		1862914A23FA73DE001F1DB3 /* Project object */ = {
			isa = PBXProject;
			attributes = {
				LastSwiftUpdateCheck = 1130;
				LastUpgradeCheck = 1130;
				ORGANIZATIONNAME = "Apple MacBook Pro";
				TargetAttributes = {
					1862915123FA73DE001F1DB3 = {
						CreatedOnToolsVersion = 11.3.1;
					};
					1862916723FA73E1001F1DB3 = {
						CreatedOnToolsVersion = 11.3.1;
						TestTargetID = 1862915123FA73DE001F1DB3;
					};
					1862917223FA73E1001F1DB3 = {
						CreatedOnToolsVersion = 11.3.1;
						TestTargetID = 1862915123FA73DE001F1DB3;
					};
				};
			};
			buildConfigurationList = 1862914D23FA73DE001F1DB3 /* Build configuration list for PBXProject "tableViewImageLable" */;
			compatibilityVersion = "Xcode 9.3";
			developmentRegion = en;
			hasScannedForEncodings = 0;
			knownRegions = (
				en,
				Base,
			);
			mainGroup = 1862914923FA73DE001F1DB3;
			productRefGroup = 1862915323FA73DE001F1DB3 /* Products */;
			projectDirPath = "";
			projectRoot = "";
			targets = (
				1862915123FA73DE001F1DB3 /* tableViewImageLable */,
				1862916723FA73E1001F1DB3 /* tableViewImageLableTests */,
				1862917223FA73E1001F1DB3 /* tableViewImageLableUITests */,
			);
		};
/* End PBXProject section */

/* Begin PBXResourcesBuildPhase section */
		1862915023FA73DE001F1DB3 /* Resources */ = {
			isa = PBXResourcesBuildPhase;
			buildActionMask = 2147483647;
			files = (
				1862916223FA73E0001F1DB3 /* LaunchScreen.storyboard in Resources */,
				1862915F23FA73E0001F1DB3 /* Assets.xcassets in Resources */,
				1862915D23FA73DE001F1DB3 /* Main.storyboard in Resources */,
			);
			runOnlyForDeploymentPostprocessing = 0;
		};
		1862916623FA73E1001F1DB3 /* Resources */ = {
			isa = PBXResourcesBuildPhase;
			buildActionMask = 2147483647;
			files = (
			);
			runOnlyForDeploymentPostprocessing = 0;
		};
		1862917123FA73E1001F1DB3 /* Resources */ = {
			isa = PBXResourcesBuildPhase;
			buildActionMask = 2147483647;
			files = (
			);
			runOnlyForDeploymentPostprocessing = 0;
		};
/* End PBXResourcesBuildPhase section */

/* Begin PBXSourcesBuildPhase section */
		1862914E23FA73DE001F1DB3 /* Sources */ = {
			isa = PBXSourcesBuildPhase;
			buildActionMask = 2147483647;
			files = (
				1862915A23FA73DE001F1DB3 /* ViewController.swift in Sources */,
				1862918623FA80E8001F1DB3 /* TableViewCell.swift in Sources */,
				1862915623FA73DE001F1DB3 /* AppDelegate.swift in Sources */,
				1862915823FA73DE001F1DB3 /* SceneDelegate.swift in Sources */,
			);
			runOnlyForDeploymentPostprocessing = 0;
		};
		1862916423FA73E1001F1DB3 /* Sources */ = {
			isa = PBXSourcesBuildPhase;
			buildActionMask = 2147483647;
			files = (
				1862916D23FA73E1001F1DB3 /* tableViewImageLableTests.swift in Sources */,
			);
			runOnlyForDeploymentPostprocessing = 0;
		};
		1862916F23FA73E1001F1DB3 /* Sources */ = {
			isa = PBXSourcesBuildPhase;
			buildActionMask = 2147483647;
			files = (
				1862917823FA73E1001F1DB3 /* tableViewImageLableUITests.swift in Sources */,
			);
			runOnlyForDeploymentPostprocessing = 0;
		};
/* End PBXSourcesBuildPhase section */

/* Begin PBXTargetDependency section */
		1862916A23FA73E1001F1DB3 /* PBXTargetDependency */ = {
			isa = PBXTargetDependency;
			target = 1862915123FA73DE001F1DB3 /* tableViewImageLable */;
			targetProxy = 1862916923FA73E1001F1DB3 /* PBXContainerItemProxy */;
		};
		1862917523FA73E1001F1DB3 /* PBXTargetDependency */ = {
			isa = PBXTargetDependency;
			target = 1862915123FA73DE001F1DB3 /* tableViewImageLable */;
			targetProxy = 1862917423FA73E1001F1DB3 /* PBXContainerItemProxy */;
		};
/* End PBXTargetDependency section */

/* Begin PBXVariantGroup section */
		1862915B23FA73DE001F1DB3 /* Main.storyboard */ = {
			isa = PBXVariantGroup;
			children = (
				1862915C23FA73DE001F1DB3 /* Base */,
			);
			name = Main.storyboard;
			sourceTree = "<group>";
		};
		1862916023FA73E0001F1DB3 /* LaunchScreen.storyboard */ = {
			isa = PBXVariantGroup;
			children = (
				1862916123FA73E0001F1DB3 /* Base */,
			);
			name = LaunchScreen.storyboard;
			sourceTree = "<group>";
		};
/* End PBXVariantGroup section */

/* Begin XCBuildConfiguration section */
		1862917A23FA73E1001F1DB3 /* Debug */ = {
			isa = XCBuildConfiguration;
			buildSettings = {
				ALWAYS_SEARCH_USER_PATHS = NO;
				CLANG_ANALYZER_NONNULL = YES;
				CLANG_ANALYZER_NUMBER_OBJECT_CONVERSION = YES_AGGRESSIVE;
				CLANG_CXX_LANGUAGE_STANDARD = "gnu++14";
				CLANG_CXX_LIBRARY = "libc++";
				CLANG_ENABLE_MODULES = YES;
				CLANG_ENABLE_OBJC_ARC = YES;
				CLANG_ENABLE_OBJC_WEAK = YES;
				CLANG_WARN_BLOCK_CAPTURE_AUTORELEASING = YES;
				CLANG_WARN_BOOL_CONVERSION = YES;
				CLANG_WARN_COMMA = YES;
				CLANG_WARN_CONSTANT_CONVERSION = YES;
				CLANG_WARN_DEPRECATED_OBJC_IMPLEMENTATIONS = YES;
				CLANG_WARN_DIRECT_OBJC_ISA_USAGE = YES_ERROR;
				CLANG_WARN_DOCUMENTATION_COMMENTS = YES;
				CLANG_WARN_EMPTY_BODY = YES;
				CLANG_WARN_ENUM_CONVERSION = YES;
				CLANG_WARN_INFINITE_RECURSION = YES;
				CLANG_WARN_INT_CONVERSION = YES;
				CLANG_WARN_NON_LITERAL_NULL_CONVERSION = YES;
				CLANG_WARN_OBJC_IMPLICIT_RETAIN_SELF = YES;
				CLANG_WARN_OBJC_LITERAL_CONVERSION = YES;
				CLANG_WARN_OBJC_ROOT_CLASS = YES_ERROR;
				CLANG_WARN_RANGE_LOOP_ANALYSIS = YES;
				CLANG_WARN_STRICT_PROTOTYPES = YES;
				CLANG_WARN_SUSPICIOUS_MOVE = YES;
				CLANG_WARN_UNGUARDED_AVAILABILITY = YES_AGGRESSIVE;
				CLANG_WARN_UNREACHABLE_CODE = YES;
				CLANG_WARN__DUPLICATE_METHOD_MATCH = YES;
				COPY_PHASE_STRIP = NO;
				DEBUG_INFORMATION_FORMAT = dwarf;
				ENABLE_STRICT_OBJC_MSGSEND = YES;
				ENABLE_TESTABILITY = YES;
				GCC_C_LANGUAGE_STANDARD = gnu11;
				GCC_DYNAMIC_NO_PIC = NO;
				GCC_NO_COMMON_BLOCKS = YES;
				GCC_OPTIMIZATION_LEVEL = 0;
				GCC_PREPROCESSOR_DEFINITIONS = (
					"DEBUG=1",
					"$(inherited)",
				);
				GCC_WARN_64_TO_32_BIT_CONVERSION = YES;
				GCC_WARN_ABOUT_RETURN_TYPE = YES_ERROR;
				GCC_WARN_UNDECLARED_SELECTOR = YES;
				GCC_WARN_UNINITIALIZED_AUTOS = YES_AGGRESSIVE;
				GCC_WARN_UNUSED_FUNCTION = YES;
				GCC_WARN_UNUSED_VARIABLE = YES;
				IPHONEOS_DEPLOYMENT_TARGET = 13.2;
				MTL_ENABLE_DEBUG_INFO = INCLUDE_SOURCE;
				MTL_FAST_MATH = YES;
				ONLY_ACTIVE_ARCH = YES;
				SDKROOT = iphoneos;
				SWIFT_ACTIVE_COMPILATION_CONDITIONS = DEBUG;
				SWIFT_OPTIMIZATION_LEVEL = "-Onone";
			};
			name = Debug;
		};
		1862917B23FA73E1001F1DB3 /* Release */ = {
			isa = XCBuildConfiguration;
			buildSettings = {
				ALWAYS_SEARCH_USER_PATHS = NO;
				CLANG_ANALYZER_NONNULL = YES;
				CLANG_ANALYZER_NUMBER_OBJECT_CONVERSION = YES_AGGRESSIVE;
				CLANG_CXX_LANGUAGE_STANDARD = "gnu++14";
				CLANG_CXX_LIBRARY = "libc++";
				CLANG_ENABLE_MODULES = YES;
				CLANG_ENABLE_OBJC_ARC = YES;
				CLANG_ENABLE_OBJC_WEAK = YES;
				CLANG_WARN_BLOCK_CAPTURE_AUTORELEASING = YES;
				CLANG_WARN_BOOL_CONVERSION = YES;
				CLANG_WARN_COMMA = YES;
				CLANG_WARN_CONSTANT_CONVERSION = YES;
				CLANG_WARN_DEPRECATED_OBJC_IMPLEMENTATIONS = YES;
				CLANG_WARN_DIRECT_OBJC_ISA_USAGE = YES_ERROR;
				CLANG_WARN_DOCUMENTATION_COMMENTS = YES;
				CLANG_WARN_EMPTY_BODY = YES;
				CLANG_WARN_ENUM_CONVERSION = YES;
				CLANG_WARN_INFINITE_RECURSION = YES;
				CLANG_WARN_INT_CONVERSION = YES;
				CLANG_WARN_NON_LITERAL_NULL_CONVERSION = YES;
				CLANG_WARN_OBJC_IMPLICIT_RETAIN_SELF = YES;
				CLANG_WARN_OBJC_LITERAL_CONVERSION = YES;
				CLANG_WARN_OBJC_ROOT_CLASS = YES_ERROR;
				CLANG_WARN_RANGE_LOOP_ANALYSIS = YES;
				CLANG_WARN_STRICT_PROTOTYPES = YES;
				CLANG_WARN_SUSPICIOUS_MOVE = YES;
				CLANG_WARN_UNGUARDED_AVAILABILITY = YES_AGGRESSIVE;
				CLANG_WARN_UNREACHABLE_CODE = YES;
				CLANG_WARN__DUPLICATE_METHOD_MATCH = YES;
				COPY_PHASE_STRIP = NO;
				DEBUG_INFORMATION_FORMAT = "dwarf-with-dsym";
				ENABLE_NS_ASSERTIONS = NO;
				ENABLE_STRICT_OBJC_MSGSEND = YES;
				GCC_C_LANGUAGE_STANDARD = gnu11;
				GCC_NO_COMMON_BLOCKS = YES;
				GCC_WARN_64_TO_32_BIT_CONVERSION = YES;
				GCC_WARN_ABOUT_RETURN_TYPE = YES_ERROR;
				GCC_WARN_UNDECLARED_SELECTOR = YES;
				GCC_WARN_UNINITIALIZED_AUTOS = YES_AGGRESSIVE;
				GCC_WARN_UNUSED_FUNCTION = YES;
				GCC_WARN_UNUSED_VARIABLE = YES;
				IPHONEOS_DEPLOYMENT_TARGET = 13.2;
				MTL_ENABLE_DEBUG_INFO = NO;
				MTL_FAST_MATH = YES;
				SDKROOT = iphoneos;
				SWIFT_COMPILATION_MODE = wholemodule;
				SWIFT_OPTIMIZATION_LEVEL = "-O";
				VALIDATE_PRODUCT = YES;
			};
			name = Release;
		};
		1862917D23FA73E1001F1DB3 /* Debug */ = {
			isa = XCBuildConfiguration;
			buildSettings = {
				ASSETCATALOG_COMPILER_APPICON_NAME = AppIcon;
				CODE_SIGN_STYLE = Automatic;
				INFOPLIST_FILE = tableViewImageLable/Info.plist;
				LD_RUNPATH_SEARCH_PATHS = (
					"$(inherited)",
					"@executable_path/Frameworks",
				);
				PRODUCT_BUNDLE_IDENTIFIER = Abdullah.tableViewImageLable;
				PRODUCT_NAME = "$(TARGET_NAME)";
				SWIFT_VERSION = 5.0;
				TARGETED_DEVICE_FAMILY = "1,2";
			};
			name = Debug;
		};
		1862917E23FA73E1001F1DB3 /* Release */ = {
			isa = XCBuildConfiguration;
			buildSettings = {
				ASSETCATALOG_COMPILER_APPICON_NAME = AppIcon;
				CODE_SIGN_STYLE = Automatic;
				INFOPLIST_FILE = tableViewImageLable/Info.plist;
				LD_RUNPATH_SEARCH_PATHS = (
					"$(inherited)",
					"@executable_path/Frameworks",
				);
				PRODUCT_BUNDLE_IDENTIFIER = Abdullah.tableViewImageLable;
				PRODUCT_NAME = "$(TARGET_NAME)";
				SWIFT_VERSION = 5.0;
				TARGETED_DEVICE_FAMILY = "1,2";
			};
			name = Release;
		};
		1862918023FA73E1001F1DB3 /* Debug */ = {
			isa = XCBuildConfiguration;
			buildSettings = {
				ALWAYS_EMBED_SWIFT_STANDARD_LIBRARIES = YES;
				BUNDLE_LOADER = "$(TEST_HOST)";
				CODE_SIGN_STYLE = Automatic;
				INFOPLIST_FILE = tableViewImageLableTests/Info.plist;
				IPHONEOS_DEPLOYMENT_TARGET = 13.2;
				LD_RUNPATH_SEARCH_PATHS = (
					"$(inherited)",
					"@executable_path/Frameworks",
					"@loader_path/Frameworks",
				);
				PRODUCT_BUNDLE_IDENTIFIER = Abdullah.tableViewImageLableTests;
				PRODUCT_NAME = "$(TARGET_NAME)";
				SWIFT_VERSION = 5.0;
				TARGETED_DEVICE_FAMILY = "1,2";
				TEST_HOST = "$(BUILT_PRODUCTS_DIR)/tableViewImageLable.app/tableViewImageLable";
			};
			name = Debug;
		};
		1862918123FA73E1001F1DB3 /* Release */ = {
			isa = XCBuildConfiguration;
			buildSettings = {
				ALWAYS_EMBED_SWIFT_STANDARD_LIBRARIES = YES;
				BUNDLE_LOADER = "$(TEST_HOST)";
				CODE_SIGN_STYLE = Automatic;
				INFOPLIST_FILE = tableViewImageLableTests/Info.plist;
				IPHONEOS_DEPLOYMENT_TARGET = 13.2;
				LD_RUNPATH_SEARCH_PATHS = (
					"$(inherited)",
					"@executable_path/Frameworks",
					"@loader_path/Frameworks",
				);
				PRODUCT_BUNDLE_IDENTIFIER = Abdullah.tableViewImageLableTests;
				PRODUCT_NAME = "$(TARGET_NAME)";
				SWIFT_VERSION = 5.0;
				TARGETED_DEVICE_FAMILY = "1,2";
				TEST_HOST = "$(BUILT_PRODUCTS_DIR)/tableViewImageLable.app/tableViewImageLable";
			};
			name = Release;
		};
		1862918323FA73E1001F1DB3 /* Debug */ = {
			isa = XCBuildConfiguration;
			buildSettings = {
				ALWAYS_EMBED_SWIFT_STANDARD_LIBRARIES = YES;
				CODE_SIGN_STYLE = Automatic;
				INFOPLIST_FILE = tableViewImageLableUITests/Info.plist;
				LD_RUNPATH_SEARCH_PATHS = (
					"$(inherited)",
					"@executable_path/Frameworks",
					"@loader_path/Frameworks",
				);
				PRODUCT_BUNDLE_IDENTIFIER = Abdullah.tableViewImageLableUITests;
				PRODUCT_NAME = "$(TARGET_NAME)";
				SWIFT_VERSION = 5.0;
				TARGETED_DEVICE_FAMILY = "1,2";
				TEST_TARGET_NAME = tableViewImageLable;
			};
			name = Debug;
		};
		1862918423FA73E1001F1DB3 /* Release */ = {
			isa = XCBuildConfiguration;
			buildSettings = {
				ALWAYS_EMBED_SWIFT_STANDARD_LIBRARIES = YES;
				CODE_SIGN_STYLE = Automatic;
				INFOPLIST_FILE = tableViewImageLableUITests/Info.plist;
				LD_RUNPATH_SEARCH_PATHS = (
					"$(inherited)",
					"@executable_path/Frameworks",
					"@loader_path/Frameworks",
				);
				PRODUCT_BUNDLE_IDENTIFIER = Abdullah.tableViewImageLableUITests;
				PRODUCT_NAME = "$(TARGET_NAME)";
				SWIFT_VERSION = 5.0;
				TARGETED_DEVICE_FAMILY = "1,2";
				TEST_TARGET_NAME = tableViewImageLable;
			};
			name = Release;
		};
/* End XCBuildConfiguration section */

/* Begin XCConfigurationList section */
		1862914D23FA73DE001F1DB3 /* Build configuration list for PBXProject "tableViewImageLable" */ = {
			isa = XCConfigurationList;
			buildConfigurations = (
				1862917A23FA73E1001F1DB3 /* Debug */,
				1862917B23FA73E1001F1DB3 /* Release */,
			);
			defaultConfigurationIsVisible = 0;
			defaultConfigurationName = Release;
		};
		1862917C23FA73E1001F1DB3 /* Build configuration list for PBXNativeTarget "tableViewImageLable" */ = {
			isa = XCConfigurationList;
			buildConfigurations = (
				1862917D23FA73E1001F1DB3 /* Debug */,
				1862917E23FA73E1001F1DB3 /* Release */,
			);
			defaultConfigurationIsVisible = 0;
			defaultConfigurationName = Release;
		};
		1862917F23FA73E1001F1DB3 /* Build configuration list for PBXNativeTarget "tableViewImageLableTests" */ = {
			isa = XCConfigurationList;
			buildConfigurations = (
				1862918023FA73E1001F1DB3 /* Debug */,
				1862918123FA73E1001F1DB3 /* Release */,
			);
			defaultConfigurationIsVisible = 0;
			defaultConfigurationName = Release;
		};
		1862918223FA73E1001F1DB3 /* Build configuration list for PBXNativeTarget "tableViewImageLableUITests" */ = {
			isa = XCConfigurationList;
			buildConfigurations = (
				1862918323FA73E1001F1DB3 /* Debug */,
				1862918423FA73E1001F1DB3 /* Release */,
			);
			defaultConfigurationIsVisible = 0;
			defaultConfigurationName = Release;
		};
/* End XCConfigurationList section */
	};
	rootObject = 1862914A23FA73DE001F1DB3 /* Project object */;
}
